{
    "version": 3,
    "terraform_version": "0.11.1",
    "serial": 3,
    "lineage": "4714c208-89cc-4648-bbba-034b42038460",
    "modules": [
        {
            "path": [
                "root"
            ],
            "outputs": {
                "elb_dns_name": {
                    "sensitive": false,
                    "type": "string",
                    "value": "teraform-asg-example-195311142.eu-central-1.elb.amazonaws.com"
                }
            },
            "resources": {
                "aws_autoscaling_group.example": {
                    "type": "aws_autoscaling_group",
                    "depends_on": [
                        "aws_elb.example",
                        "aws_launch_configuration.example",
                        "data.aws_availability_zones.all"
                    ],
                    "primary": {
                        "id": "tf-asg-20171228103001677600000002",
                        "attributes": {
                            "arn": "arn:aws:autoscaling:eu-central-1:399085831443:autoScalingGroup:1f2777f5-81cc-4335-b7cc-31392ea2b9c8:autoScalingGroupName/tf-asg-20171228103001677600000002",
                            "availability_zones.#": "3",
                            "availability_zones.1126047633": "eu-central-1a",
                            "availability_zones.2903539389": "eu-central-1c",
                            "availability_zones.3658960427": "eu-central-1b",
                            "default_cooldown": "300",
                            "desired_capacity": "2",
                            "force_delete": "false",
                            "health_check_grace_period": "300",
                            "health_check_type": "ELB",
                            "id": "tf-asg-20171228103001677600000002",
                            "launch_configuration": "terraform-20171228102940123500000001",
                            "load_balancers.#": "1",
                            "load_balancers.2129691207": "teraform-asg-example",
                            "max_size": "10",
                            "metrics_granularity": "1Minute",
                            "min_size": "2",
                            "name": "tf-asg-20171228103001677600000002",
                            "placement_group": "",
                            "protect_from_scale_in": "false",
                            "suspended_processes.#": "0",
                            "tag.#": "1",
                            "tag.4170447404.key": "Name",
                            "tag.4170447404.propagate_at_launch": "true",
                            "tag.4170447404.value": "terraform-asg-example",
                            "target_group_arns.#": "0",
                            "termination_policies.#": "0",
                            "vpc_zone_identifier.#": "0",
                            "wait_for_capacity_timeout": "10m"
                        },
                        "meta": {
                            "e2bfb730-ecaa-11e6-8f88-34363bc7c4c0": {
                                "delete": 600000000000
                            }
                        },
                        "tainted": false
                    },
                    "deposed": [],
                    "provider": "provider.aws"
                },
                "aws_elb.example": {
                    "type": "aws_elb",
                    "depends_on": [
                        "aws_security_group.elb",
                        "data.aws_availability_zones.all"
                    ],
                    "primary": {
                        "id": "teraform-asg-example",
                        "attributes": {
                            "access_logs.#": "0",
                            "arn": "arn:aws:elasticloadbalancing:eu-central-1:399085831443:loadbalancer/teraform-asg-example",
                            "availability_zones.#": "3",
                            "availability_zones.1126047633": "eu-central-1a",
                            "availability_zones.2903539389": "eu-central-1c",
                            "availability_zones.3658960427": "eu-central-1b",
                            "connection_draining": "false",
                            "connection_draining_timeout": "300",
                            "cross_zone_load_balancing": "true",
                            "dns_name": "teraform-asg-example-195311142.eu-central-1.elb.amazonaws.com",
                            "health_check.#": "1",
                            "health_check.0.healthy_threshold": "2",
                            "health_check.0.interval": "30",
                            "health_check.0.target": "HTTP:8080/",
                            "health_check.0.timeout": "3",
                            "health_check.0.unhealthy_threshold": "2",
                            "id": "teraform-asg-example",
                            "idle_timeout": "60",
                            "instances.#": "0",
                            "internal": "false",
                            "listener.#": "1",
                            "listener.3931999347.instance_port": "8080",
                            "listener.3931999347.instance_protocol": "http",
                            "listener.3931999347.lb_port": "80",
                            "listener.3931999347.lb_protocol": "http",
                            "listener.3931999347.ssl_certificate_id": "",
                            "name": "teraform-asg-example",
                            "security_groups.#": "1",
                            "security_groups.1551974679": "sg-d7dc8fbd",
                            "source_security_group": "399085831443/terraform-example-elb",
                            "source_security_group_id": "sg-d7dc8fbd",
                            "subnets.#": "3",
                            "subnets.2333589791": "subnet-49cbf433",
                            "subnets.2547812971": "subnet-4041be2b",
                            "subnets.346732056": "subnet-45ba4808",
                            "tags.%": "0",
                            "zone_id": "Z215JYRZR1TBD5"
                        },
                        "meta": {},
                        "tainted": false
                    },
                    "deposed": [],
                    "provider": "provider.aws"
                },
                "aws_launch_configuration.example": {
                    "type": "aws_launch_configuration",
                    "depends_on": [
                        "aws_security_group.instance"
                    ],
                    "primary": {
                        "id": "terraform-20171228102940123500000001",
                        "attributes": {
                            "associate_public_ip_address": "false",
                            "ebs_block_device.#": "0",
                            "ebs_optimized": "false",
                            "enable_monitoring": "true",
                            "ephemeral_block_device.#": "0",
                            "iam_instance_profile": "",
                            "id": "terraform-20171228102940123500000001",
                            "image_id": "ami-bf2ba8d0",
                            "instance_type": "t2.micro",
                            "key_name": "",
                            "name": "terraform-20171228102940123500000001",
                            "root_block_device.#": "0",
                            "security_groups.#": "1",
                            "security_groups.2888922842": "sg-1ec39074",
                            "spot_price": "",
                            "user_data": "4430fd6498339061effa6d27ccf341a1e94569d7",
                            "vpc_classic_link_id": "",
                            "vpc_classic_link_security_groups.#": "0"
                        },
                        "meta": {},
                        "tainted": false
                    },
                    "deposed": [],
                    "provider": "provider.aws"
                },
                "aws_security_group.elb": {
                    "type": "aws_security_group",
                    "depends_on": [],
                    "primary": {
                        "id": "sg-d7dc8fbd",
                        "attributes": {
                            "description": "Managed by Terraform",
                            "egress.#": "1",
                            "egress.482069346.cidr_blocks.#": "1",
                            "egress.482069346.cidr_blocks.0": "0.0.0.0/0",
                            "egress.482069346.description": "",
                            "egress.482069346.from_port": "0",
                            "egress.482069346.ipv6_cidr_blocks.#": "0",
                            "egress.482069346.prefix_list_ids.#": "0",
                            "egress.482069346.protocol": "-1",
                            "egress.482069346.security_groups.#": "0",
                            "egress.482069346.self": "false",
                            "egress.482069346.to_port": "0",
                            "id": "sg-d7dc8fbd",
                            "ingress.#": "1",
                            "ingress.2214680975.cidr_blocks.#": "1",
                            "ingress.2214680975.cidr_blocks.0": "0.0.0.0/0",
                            "ingress.2214680975.description": "",
                            "ingress.2214680975.from_port": "80",
                            "ingress.2214680975.ipv6_cidr_blocks.#": "0",
                            "ingress.2214680975.protocol": "tcp",
                            "ingress.2214680975.security_groups.#": "0",
                            "ingress.2214680975.self": "false",
                            "ingress.2214680975.to_port": "80",
                            "name": "terraform-example-elb",
                            "owner_id": "399085831443",
                            "revoke_rules_on_delete": "false",
                            "tags.%": "0",
                            "vpc_id": "vpc-985973f0"
                        },
                        "meta": {
                            "schema_version": "1"
                        },
                        "tainted": false
                    },
                    "deposed": [],
                    "provider": "provider.aws"
                },
                "aws_security_group.instance": {
                    "type": "aws_security_group",
                    "depends_on": [],
                    "primary": {
                        "id": "sg-1ec39074",
                        "attributes": {
                            "description": "Managed by Terraform",
                            "egress.#": "0",
                            "id": "sg-1ec39074",
                            "ingress.#": "1",
                            "ingress.516175195.cidr_blocks.#": "1",
                            "ingress.516175195.cidr_blocks.0": "0.0.0.0/0",
                            "ingress.516175195.description": "",
                            "ingress.516175195.from_port": "8080",
                            "ingress.516175195.ipv6_cidr_blocks.#": "0",
                            "ingress.516175195.protocol": "tcp",
                            "ingress.516175195.security_groups.#": "0",
                            "ingress.516175195.self": "false",
                            "ingress.516175195.to_port": "8080",
                            "name": "terraform-example-instance",
                            "owner_id": "399085831443",
                            "revoke_rules_on_delete": "false",
                            "tags.%": "0",
                            "vpc_id": "vpc-985973f0"
                        },
                        "meta": {
                            "schema_version": "1"
                        },
                        "tainted": false
                    },
                    "deposed": [],
                    "provider": "provider.aws"
                },
                "data.aws_availability_zones.all": {
                    "type": "aws_availability_zones",
                    "depends_on": [],
                    "primary": {
                        "id": "2017-12-28 10:27:30.071216 +0000 UTC",
                        "attributes": {
                            "id": "2017-12-28 10:27:30.071216 +0000 UTC",
                            "names.#": "3",
                            "names.0": "eu-central-1a",
                            "names.1": "eu-central-1b",
                            "names.2": "eu-central-1c"
                        },
                        "meta": {},
                        "tainted": false
                    },
                    "deposed": [],
                    "provider": "provider.aws"
                }
            },
            "depends_on": []
        }
    ]
}
